
Microsoft Visual Studio Solution File, Format Version 12.00
# Visual Studio Version 16
VisualStudioVersion = 16.0.29926.136
MinimumVisualStudioVersion = 10.0.40219.1
Project("{FAE04EC0-301F-11D3-BF4B-00C04F79EFBC}") = "Florencia Maltinti", "Florencia Maltinti\Florencia Maltinti.csproj", "{C50F53D3-73FB-4B89-8365-B3B05A3E61B2}"
EndProject
Global
	GlobalSection(SolutionConfigurationPlatforms) = preSolution
		Debug|Any CPU = Debug|Any CPU
		Release|Any CPU = Release|Any CPU
	EndGlobalSection
	GlobalSection(ProjectConfigurationPlatforms) = postSolution
		{C50F53D3-73FB-4B89-8365-B3B05A3E61B2}.Debug|Any CPU.ActiveCfg = Debug|Any CPU
		{C50F53D3-73FB-4B89-8365-B3B05A3E61B2}.Debug|Any CPU.Build.0 = Debug|Any CPU
		{C50F53D3-73FB-4B89-8365-B3B05A3E61B2}.Release|Any CPU.ActiveCfg = Release|Any CPU
		{C50F53D3-73FB-4B89-8365-B3B05A3E61B2}.Release|Any CPU.Build.0 = Release|Any CPU
	EndGlobalSection
	GlobalSection(SolutionProperties) = preSolution
		HideSolutionNode = FALSE
	EndGlobalSection
	GlobalSection(ExtensibilityGlobals) = postSolution
		SolutionGuid = {3EEBF522-F8F1-4DFC-B14A-75D82BEE28F8}
	EndGlobalSection
EndGlobal
